
Microsoft Visual Studio Solution File, Format Version 12.00
# Visual Studio Version 17
VisualStudioVersion = 17.14.36603.0 d17.14
MinimumVisualStudioVersion = 10.0.40219.1
Project("{FAE04EC0-301F-11D3-BF4B-00C04F79EFBC}") = "Lvl1_Task1", "Lvl1_Task1\Lvl1_Task1.csproj", "{BE39FFD4-41CA-4BB2-B49C-74BC0F4F14A1}"
EndProject
Global
	GlobalSection(SolutionConfigurationPlatforms) = preSolution
		Debug|Any CPU = Debug|Any CPU
		Release|Any CPU = Release|Any CPU
	EndGlobalSection
	GlobalSection(ProjectConfigurationPlatforms) = postSolution
		{BE39FFD4-41CA-4BB2-B49C-74BC0F4F14A1}.Debug|Any CPU.ActiveCfg = Debug|Any CPU
		{BE39FFD4-41CA-4BB2-B49C-74BC0F4F14A1}.Debug|Any CPU.Build.0 = Debug|Any CPU
		{BE39FFD4-41CA-4BB2-B49C-74BC0F4F14A1}.Release|Any CPU.ActiveCfg = Release|Any CPU
		{BE39FFD4-41CA-4BB2-B49C-74BC0F4F14A1}.Release|Any CPU.Build.0 = Release|Any CPU
	EndGlobalSection
	GlobalSection(SolutionProperties) = preSolution
		HideSolutionNode = FALSE
	EndGlobalSection
	GlobalSection(ExtensibilityGlobals) = postSolution
		SolutionGuid = {98F023BE-8870-4A55-B65E-595704E2ED00}
	EndGlobalSection
EndGlobal
